Microsoft Visual Studio Solution File, Format Version 11.00
# Visual Studio 2008

Project("{9C7F8BAE-25E1-E645-5C1F-FA40DB880B7D}") = "Nimbus", "Assembly-CSharp.csproj", "{4A4F8409-9DD5-A43D-E49A-52206D93E233}"
EndProject
Global
	GlobalSection(SolutionConfigurationPlatforms) = preSolution
		Debug|Any CPU = Debug|Any CPU
		Release|Any CPU = Release|Any CPU
	EndGlobalSection
	GlobalSection(ProjectConfigurationPlatforms) = postSolution
		{4A4F8409-9DD5-A43D-E49A-52206D93E233}.Debug|Any CPU.ActiveCfg = Debug|Any CPU
		{4A4F8409-9DD5-A43D-E49A-52206D93E233}.Debug|Any CPU.Build.0 = Debug|Any CPU
		{4A4F8409-9DD5-A43D-E49A-52206D93E233}.Release|Any CPU.ActiveCfg = Release|Any CPU
		{4A4F8409-9DD5-A43D-E49A-52206D93E233}.Release|Any CPU.Build.0 = Release|Any CPU
	EndGlobalSection
	GlobalSection(SolutionProperties) = preSolution
		HideSolutionNode = FALSE
	EndGlobalSection
					GlobalSection(MonoDevelopProperties) = preSolution
		StartupItem = Assembly-CSharp.csproj
	EndGlobalSection
EndGlobal
